
Microsoft Visual Studio Solution File, Format Version 12.00
# Visual Studio Version 16
VisualStudioVersion = 16.0.31702.278
MinimumVisualStudioVersion = 10.0.40219.1
Project("{FAE04EC0-301F-11D3-BF4B-00C04F79EFBC}") = "AspNetCore.Identity.MongoDb.LoginRegister.WebUI", "AspNetCore.Identity.MongoDb.LoginRegister.WebUI\AspNetCore.Identity.MongoDb.LoginRegister.WebUI.csproj", "{392902FC-8DD4-4698-BA8C-BB5FA69E5D77}"
EndProject
Project("{FAE04EC0-301F-11D3-BF4B-00C04F79EFBC}") = "AspNetCore.Identity.MongoDb.LoginRegister.Models", "AspNetCore.Identity.MongoDb.LoginRegister.Models\AspNetCore.Identity.MongoDb.LoginRegister.Models.csproj", "{9DEECFB3-4D8F-4584-8977-388B74AADD2B}"
EndProject
Global
	GlobalSection(SolutionConfigurationPlatforms) = preSolution
		Debug|Any CPU = Debug|Any CPU
		Release|Any CPU = Release|Any CPU
	EndGlobalSection
	GlobalSection(ProjectConfigurationPlatforms) = postSolution
		{392902FC-8DD4-4698-BA8C-BB5FA69E5D77}.Debug|Any CPU.ActiveCfg = Debug|Any CPU
		{392902FC-8DD4-4698-BA8C-BB5FA69E5D77}.Debug|Any CPU.Build.0 = Debug|Any CPU
		{392902FC-8DD4-4698-BA8C-BB5FA69E5D77}.Release|Any CPU.ActiveCfg = Release|Any CPU
		{392902FC-8DD4-4698-BA8C-BB5FA69E5D77}.Release|Any CPU.Build.0 = Release|Any CPU
		{9DEECFB3-4D8F-4584-8977-388B74AADD2B}.Debug|Any CPU.ActiveCfg = Debug|Any CPU
		{9DEECFB3-4D8F-4584-8977-388B74AADD2B}.Debug|Any CPU.Build.0 = Debug|Any CPU
		{9DEECFB3-4D8F-4584-8977-388B74AADD2B}.Release|Any CPU.ActiveCfg = Release|Any CPU
		{9DEECFB3-4D8F-4584-8977-388B74AADD2B}.Release|Any CPU.Build.0 = Release|Any CPU
	EndGlobalSection
	GlobalSection(SolutionProperties) = preSolution
		HideSolutionNode = FALSE
	EndGlobalSection
	GlobalSection(ExtensibilityGlobals) = postSolution
		SolutionGuid = {A4E21EC3-C694-48EC-B6CB-357F4EC1119A}
	EndGlobalSection
EndGlobal
